// !$*UTF8*$!
{
	archiveVersion = 1;
	classes = {
	};
	objectVersion = 46;
	objects = {

/* Begin PBXBuildFile section */
		1A65639D70F81600C7C8559E /* Pods_Flicks.framework in Frameworks */ = {isa = PBXBuildFile; fileRef = 19091F467E4920CA857FEC64 /* Pods_Flicks.framework */; };
		857507261DB2024E0098187E /* AppDelegate.swift in Sources */ = {isa = PBXBuildFile; fileRef = 857507251DB2024E0098187E /* AppDelegate.swift */; };
		857507281DB2024E0098187E /* MovieTableViewController.swift in Sources */ = {isa = PBXBuildFile; fileRef = 857507271DB2024E0098187E /* MovieTableViewController.swift */; };
		8575072B1DB2024E0098187E /* Main.storyboard in Resources */ = {isa = PBXBuildFile; fileRef = 857507291DB2024E0098187E /* Main.storyboard */; };
		8575072D1DB2024E0098187E /* Assets.xcassets in Resources */ = {isa = PBXBuildFile; fileRef = 8575072C1DB2024E0098187E /* Assets.xcassets */; };
		857507301DB2024E0098187E /* LaunchScreen.storyboard in Resources */ = {isa = PBXBuildFile; fileRef = 8575072E1DB2024E0098187E /* LaunchScreen.storyboard */; };
		85B1C88F1DB3F96A0068E9CE /* MovieTableViewCell.swift in Sources */ = {isa = PBXBuildFile; fileRef = 85B1C88E1DB3F96A0068E9CE /* MovieTableViewCell.swift */; };
		85B1C8911DB400BF0068E9CE /* MovieDetailViewController.swift in Sources */ = {isa = PBXBuildFile; fileRef = 85B1C8901DB400BF0068E9CE /* MovieDetailViewController.swift */; };
/* End PBXBuildFile section */

/* Begin PBXFileReference section */
		19091F467E4920CA857FEC64 /* Pods_Flicks.framework */ = {isa = PBXFileReference; explicitFileType = wrapper.framework; includeInIndex = 0; path = Pods_Flicks.framework; sourceTree = BUILT_PRODUCTS_DIR; };
		857507221DB2024D0098187E /* Flicks.app */ = {isa = PBXFileReference; explicitFileType = wrapper.application; includeInIndex = 0; path = Flicks.app; sourceTree = BUILT_PRODUCTS_DIR; };
		857507251DB2024E0098187E /* AppDelegate.swift */ = {isa = PBXFileReference; lastKnownFileType = sourcecode.swift; path = AppDelegate.swift; sourceTree = "<group>"; };
		857507271DB2024E0098187E /* MovieTableViewController.swift */ = {isa = PBXFileReference; lastKnownFileType = sourcecode.swift; path = MovieTableViewController.swift; sourceTree = "<group>"; };
		8575072A1DB2024E0098187E /* Base */ = {isa = PBXFileReference; lastKnownFileType = file.storyboard; name = Base; path = Base.lproj/Main.storyboard; sourceTree = "<group>"; };
		8575072C1DB2024E0098187E /* Assets.xcassets */ = {isa = PBXFileReference; lastKnownFileType = folder.assetcatalog; path = Assets.xcassets; sourceTree = "<group>"; };
		8575072F1DB2024E0098187E /* Base */ = {isa = PBXFileReference; lastKnownFileType = file.storyboard; name = Base; path = Base.lproj/LaunchScreen.storyboard; sourceTree = "<group>"; };
		857507311DB2024E0098187E /* Info.plist */ = {isa = PBXFileReference; lastKnownFileType = text.plist.xml; path = Info.plist; sourceTree = "<group>"; };
		85B1C88E1DB3F96A0068E9CE /* MovieTableViewCell.swift */ = {isa = PBXFileReference; fileEncoding = 4; lastKnownFileType = sourcecode.swift; path = MovieTableViewCell.swift; sourceTree = "<group>"; };
		85B1C8901DB400BF0068E9CE /* MovieDetailViewController.swift */ = {isa = PBXFileReference; fileEncoding = 4; lastKnownFileType = sourcecode.swift; path = MovieDetailViewController.swift; sourceTree = "<group>"; };
		C29961C5D803CFDAD6A6E689 /* Pods-Flicks.release.xcconfig */ = {isa = PBXFileReference; includeInIndex = 1; lastKnownFileType = text.xcconfig; name = "Pods-Flicks.release.xcconfig"; path = "Pods/Target Support Files/Pods-Flicks/Pods-Flicks.release.xcconfig"; sourceTree = "<group>"; };
		E4059A7F5E6AFC165F86A166 /* Pods-Flicks.debug.xcconfig */ = {isa = PBXFileReference; includeInIndex = 1; lastKnownFileType = text.xcconfig; name = "Pods-Flicks.debug.xcconfig"; path = "Pods/Target Support Files/Pods-Flicks/Pods-Flicks.debug.xcconfig"; sourceTree = "<group>"; };
/* End PBXFileReference section */

/* Begin PBXFrameworksBuildPhase section */
		8575071F1DB2024D0098187E /* Frameworks */ = {
			isa = PBXFrameworksBuildPhase;
			buildActionMask = 2147483647;
			files = (
				1A65639D70F81600C7C8559E /* Pods_Flicks.framework in Frameworks */,
			);
			runOnlyForDeploymentPostprocessing = 0;
		};
/* End PBXFrameworksBuildPhase section */

/* Begin PBXGroup section */
		857507191DB2024D0098187E = {
			isa = PBXGroup;
			children = (
				857507241DB2024D0098187E /* Flicks */,
				857507231DB2024D0098187E /* Products */,
				FBF0A44316BF5B6FFF1D4415 /* Pods */,
				C2DF01218BC57877275DE4D1 /* Frameworks */,
			);
			sourceTree = "<group>";
		};
		857507231DB2024D0098187E /* Products */ = {
			isa = PBXGroup;
			children = (
				857507221DB2024D0098187E /* Flicks.app */,
			);
			name = Products;
			sourceTree = "<group>";
		};
		857507241DB2024D0098187E /* Flicks */ = {
			isa = PBXGroup;
			children = (
				85B1C88E1DB3F96A0068E9CE /* MovieTableViewCell.swift */,
				857507251DB2024E0098187E /* AppDelegate.swift */,
				857507271DB2024E0098187E /* MovieTableViewController.swift */,
				85B1C8901DB400BF0068E9CE /* MovieDetailViewController.swift */,
				857507291DB2024E0098187E /* Main.storyboard */,
				8575072C1DB2024E0098187E /* Assets.xcassets */,
				8575072E1DB2024E0098187E /* LaunchScreen.storyboard */,
				857507311DB2024E0098187E /* Info.plist */,
			);
			path = Flicks;
			sourceTree = "<group>";
		};
		C2DF01218BC57877275DE4D1 /* Frameworks */ = {
			isa = PBXGroup;
			children = (
				19091F467E4920CA857FEC64 /* Pods_Flicks.framework */,
			);
			name = Frameworks;
			sourceTree = "<group>";
		};
		FBF0A44316BF5B6FFF1D4415 /* Pods */ = {
			isa = PBXGroup;
			children = (
				E4059A7F5E6AFC165F86A166 /* Pods-Flicks.debug.xcconfig */,
				C29961C5D803CFDAD6A6E689 /* Pods-Flicks.release.xcconfig */,
			);
			name = Pods;
			sourceTree = "<group>";
		};
/* End PBXGroup section */

/* Begin PBXNativeTarget section */
		857507211DB2024D0098187E /* Flicks */ = {
			isa = PBXNativeTarget;
			buildConfigurationList = 857507341DB2024E0098187E /* Build configuration list for PBXNativeTarget "Flicks" */;
			buildPhases = (
				2EE4F639BF6F3612EC97D9EA /* [CP] Check Pods Manifest.lock */,
				8575071E1DB2024D0098187E /* Sources */,
				8575071F1DB2024D0098187E /* Frameworks */,
				857507201DB2024D0098187E /* Resources */,
				618E7F3F6DAAB61CF868CFD1 /* [CP] Embed Pods Frameworks */,
				49A5BF9DED94332970AB0E8E /* [CP] Copy Pods Resources */,
			);
			buildRules = (
			);
			dependencies = (
			);
			name = Flicks;
			productName = Flicks;
			productReference = 857507221DB2024D0098187E /* Flicks.app */;
			productType = "com.apple.product-type.application";
		};
/* End PBXNativeTarget section */

/* Begin PBXProject section */
		8575071A1DB2024D0098187E /* Project object */ = {
			isa = PBXProject;
			attributes = {
				LastSwiftUpdateCheck = 0800;
				LastUpgradeCheck = 0800;
				ORGANIZATIONNAME = codepath;
				TargetAttributes = {
					857507211DB2024D0098187E = {
						CreatedOnToolsVersion = 8.0;
						ProvisioningStyle = Automatic;
					};
				};
			};
			buildConfigurationList = 8575071D1DB2024D0098187E /* Build configuration list for PBXProject "Flicks" */;
			compatibilityVersion = "Xcode 3.2";
			developmentRegion = English;
			hasScannedForEncodings = 0;
			knownRegions = (
				en,
				Base,
			);
			mainGroup = 857507191DB2024D0098187E;
			productRefGroup = 857507231DB2024D0098187E /* Products */;
			projectDirPath = "";
			projectRoot = "";
			targets = (
				857507211DB2024D0098187E /* Flicks */,
			);
		};
/* End PBXProject section */

/* Begin PBXResourcesBuildPhase section */
		857507201DB2024D0098187E /* Resources */ = {
			isa = PBXResourcesBuildPhase;
			buildActionMask = 2147483647;
			files = (
				857507301DB2024E0098187E /* LaunchScreen.storyboard in Resources */,
				8575072D1DB2024E0098187E /* Assets.xcassets in Resources */,
				8575072B1DB2024E0098187E /* Main.storyboard in Resources */,
			);
			runOnlyForDeploymentPostprocessing = 0;
		};
/* End PBXResourcesBuildPhase section */

/* Begin PBXShellScriptBuildPhase section */
		2EE4F639BF6F3612EC97D9EA /* [CP] Check Pods Manifest.lock */ = {
			isa = PBXShellScriptBuildPhase;
			buildActionMask = 2147483647;
			files = (
			);
			inputPaths = (
			);
			name = "[CP] Check Pods Manifest.lock";
			outputPaths = (
			);
			runOnlyForDeploymentPostprocessing = 0;
			shellPath = /bin/sh;
			shellScript = "diff \"${PODS_ROOT}/../Podfile.lock\" \"${PODS_ROOT}/Manifest.lock\" > /dev/null\nif [[ $? != 0 ]] ; then\n    cat << EOM\nerror: The sandbox is not in sync with the Podfile.lock. Run 'pod install' or update your CocoaPods installation.\nEOM\n    exit 1\nfi\n";
			showEnvVarsInLog = 0;
		};
		49A5BF9DED94332970AB0E8E /* [CP] Copy Pods Resources */ = {
			isa = PBXShellScriptBuildPhase;
			buildActionMask = 2147483647;
			files = (
			);
			inputPaths = (
			);
			name = "[CP] Copy Pods Resources";
			outputPaths = (
			);
			runOnlyForDeploymentPostprocessing = 0;
			shellPath = /bin/sh;
			shellScript = "\"${SRCROOT}/Pods/Target Support Files/Pods-Flicks/Pods-Flicks-resources.sh\"\n";
			showEnvVarsInLog = 0;
		};
		618E7F3F6DAAB61CF868CFD1 /* [CP] Embed Pods Frameworks */ = {
			isa = PBXShellScriptBuildPhase;
			buildActionMask = 2147483647;
			files = (
			);
			inputPaths = (
			);
			name = "[CP] Embed Pods Frameworks";
			outputPaths = (
			);
			runOnlyForDeploymentPostprocessing = 0;
			shellPath = /bin/sh;
			shellScript = "\"${SRCROOT}/Pods/Target Support Files/Pods-Flicks/Pods-Flicks-frameworks.sh\"\n";
			showEnvVarsInLog = 0;
		};
/* End PBXShellScriptBuildPhase section */

/* Begin PBXSourcesBuildPhase section */
		8575071E1DB2024D0098187E /* Sources */ = {
			isa = PBXSourcesBuildPhase;
			buildActionMask = 2147483647;
			files = (
				85B1C8911DB400BF0068E9CE /* MovieDetailViewController.swift in Sources */,
				857507281DB2024E0098187E /* MovieTableViewController.swift in Sources */,
				857507261DB2024E0098187E /* AppDelegate.swift in Sources */,
				85B1C88F1DB3F96A0068E9CE /* MovieTableViewCell.swift in Sources */,
			);
			runOnlyForDeploymentPostprocessing = 0;
		};
/* End PBXSourcesBuildPhase section */

/* Begin PBXVariantGroup section */
		857507291DB2024E0098187E /* Main.storyboard */ = {
			isa = PBXVariantGroup;
			children = (
				8575072A1DB2024E0098187E /* Base */,
			);
			name = Main.storyboard;
			sourceTree = "<group>";
		};
		8575072E1DB2024E0098187E /* LaunchScreen.storyboard */ = {
			isa = PBXVariantGroup;
			children = (
				8575072F1DB2024E0098187E /* Base */,
			);
			name = LaunchScreen.storyboard;
			sourceTree = "<group>";
		};
/* End PBXVariantGroup section */

/* Begin XCBuildConfiguration section */
		857507321DB2024E0098187E /* Debug */ = {
			isa = XCBuildConfiguration;
			buildSettings = {
				ALWAYS_SEARCH_USER_PATHS = NO;
				CLANG_ANALYZER_NONNULL = YES;
				CLANG_CXX_LANGUAGE_STANDARD = "gnu++0x";
				CLANG_CXX_LIBRARY = "libc++";
				CLANG_ENABLE_MODULES = YES;
				CLANG_ENABLE_OBJC_ARC = YES;
				CLANG_WARN_BOOL_CONVERSION = YES;
				CLANG_WARN_CONSTANT_CONVERSION = YES;
				CLANG_WARN_DIRECT_OBJC_ISA_USAGE = YES_ERROR;
				CLANG_WARN_DOCUMENTATION_COMMENTS = YES;
				CLANG_WARN_EMPTY_BODY = YES;
				CLANG_WARN_ENUM_CONVERSION = YES;
				CLANG_WARN_INFINITE_RECURSION = YES;
				CLANG_WARN_INT_CONVERSION = YES;
				CLANG_WARN_OBJC_ROOT_CLASS = YES_ERROR;
				CLANG_WARN_SUSPICIOUS_MOVES = YES;
				CLANG_WARN_UNREACHABLE_CODE = YES;
				CLANG_WARN__DUPLICATE_METHOD_MATCH = YES;
				"CODE_SIGN_IDENTITY[sdk=iphoneos*]" = "iPhone Developer";
				COPY_PHASE_STRIP = NO;
				DEBUG_INFORMATION_FORMAT = dwarf;
				ENABLE_STRICT_OBJC_MSGSEND = YES;
				ENABLE_TESTABILITY = YES;
				GCC_C_LANGUAGE_STANDARD = gnu99;
				GCC_DYNAMIC_NO_PIC = NO;
				GCC_NO_COMMON_BLOCKS = YES;
				GCC_OPTIMIZATION_LEVEL = 0;
				GCC_PREPROCESSOR_DEFINITIONS = (
					"DEBUG=1",
					"$(inherited)",
				);
				GCC_WARN_64_TO_32_BIT_CONVERSION = YES;
				GCC_WARN_ABOUT_RETURN_TYPE = YES_ERROR;
				GCC_WARN_UNDECLARED_SELECTOR = YES;
				GCC_WARN_UNINITIALIZED_AUTOS = YES_AGGRESSIVE;
				GCC_WARN_UNUSED_FUNCTION = YES;
				GCC_WARN_UNUSED_VARIABLE = YES;
				IPHONEOS_DEPLOYMENT_TARGET = 10.0;
				MTL_ENABLE_DEBUG_INFO = YES;
				ONLY_ACTIVE_ARCH = YES;
				SDKROOT = iphoneos;
				SWIFT_ACTIVE_COMPILATION_CONDITIONS = DEBUG;
				SWIFT_OPTIMIZATION_LEVEL = "-Onone";
				TARGETED_DEVICE_FAMILY = "1,2";
			};
			name = Debug;
		};
		857507331DB2024E0098187E /* Release */ = {
			isa = XCBuildConfiguration;
			buildSettings = {
				ALWAYS_SEARCH_USER_PATHS = NO;
				CLANG_ANALYZER_NONNULL = YES;
				CLANG_CXX_LANGUAGE_STANDARD = "gnu++0x";
				CLANG_CXX_LIBRARY = "libc++";
				CLANG_ENABLE_MODULES = YES;
				CLANG_ENABLE_OBJC_ARC = YES;
				CLANG_WARN_BOOL_CONVERSION = YES;
				CLANG_WARN_CONSTANT_CONVERSION = YES;
				CLANG_WARN_DIRECT_OBJC_ISA_USAGE = YES_ERROR;
				CLANG_WARN_DOCUMENTATION_COMMENTS = YES;
				CLANG_WARN_EMPTY_BODY = YES;
				CLANG_WARN_ENUM_CONVERSION = YES;
				CLANG_WARN_INFINITE_RECURSION = YES;
				CLANG_WARN_INT_CONVERSION = YES;
				CLANG_WARN_OBJC_ROOT_CLASS = YES_ERROR;
				CLANG_WARN_SUSPICIOUS_MOVES = YES;
				CLANG_WARN_UNREACHABLE_CODE = YES;
				CLANG_WARN__DUPLICATE_METHOD_MATCH = YES;
				"CODE_SIGN_IDENTITY[sdk=iphoneos*]" = "iPhone Developer";
				COPY_PHASE_STRIP = NO;
				DEBUG_INFORMATION_FORMAT = "dwarf-with-dsym";
				ENABLE_NS_ASSERTIONS = NO;
				ENABLE_STRICT_OBJC_MSGSEND = YES;
				GCC_C_LANGUAGE_STANDARD = gnu99;
				GCC_NO_COMMON_BLOCKS = YES;
				GCC_WARN_64_TO_32_BIT_CONVERSION = YES;
				GCC_WARN_ABOUT_RETURN_TYPE = YES_ERROR;
				GCC_WARN_UNDECLARED_SELECTOR = YES;
				GCC_WARN_UNINITIALIZED_AUTOS = YES_AGGRESSIVE;
				GCC_WARN_UNUSED_FUNCTION = YES;
				GCC_WARN_UNUSED_VARIABLE = YES;
				IPHONEOS_DEPLOYMENT_TARGET = 10.0;
				MTL_ENABLE_DEBUG_INFO = NO;
				SDKROOT = iphoneos;
				SWIFT_OPTIMIZATION_LEVEL = "-Owholemodule";
				TARGETED_DEVICE_FAMILY = "1,2";
				VALIDATE_PRODUCT = YES;
			};
			name = Release;
		};
		857507351DB2024E0098187E /* Debug */ = {
			isa = XCBuildConfiguration;
			baseConfigurationReference = E4059A7F5E6AFC165F86A166 /* Pods-Flicks.debug.xcconfig */;
			buildSettings = {
				ASSETCATALOG_COMPILER_APPICON_NAME = AppIcon;
				INFOPLIST_FILE = Flicks/Info.plist;
				LD_RUNPATH_SEARCH_PATHS = "$(inherited) @executable_path/Frameworks";
				PRODUCT_BUNDLE_IDENTIFIER = codepath.chrisketant.Flicks;
				PRODUCT_NAME = "$(TARGET_NAME)";
				SWIFT_VERSION = 3.0;
			};
			name = Debug;
		};
		857507361DB2024E0098187E /* Release */ = {
			isa = XCBuildConfiguration;
			baseConfigurationReference = C29961C5D803CFDAD6A6E689 /* Pods-Flicks.release.xcconfig */;
			buildSettings = {
				ASSETCATALOG_COMPILER_APPICON_NAME = AppIcon;
				INFOPLIST_FILE = Flicks/Info.plist;
				LD_RUNPATH_SEARCH_PATHS = "$(inherited) @executable_path/Frameworks";
				PRODUCT_BUNDLE_IDENTIFIER = codepath.chrisketant.Flicks;
				PRODUCT_NAME = "$(TARGET_NAME)";
				SWIFT_VERSION = 3.0;
			};
			name = Release;
		};
/* End XCBuildConfiguration section */

/* Begin XCConfigurationList section */
		8575071D1DB2024D0098187E /* Build configuration list for PBXProject "Flicks" */ = {
			isa = XCConfigurationList;
			buildConfigurations = (
				857507321DB2024E0098187E /* Debug */,
				857507331DB2024E0098187E /* Release */,
			);
			defaultConfigurationIsVisible = 0;
			defaultConfigurationName = Release;
		};
		857507341DB2024E0098187E /* Build configuration list for PBXNativeTarget "Flicks" */ = {
			isa = XCConfigurationList;
			buildConfigurations = (
				857507351DB2024E0098187E /* Debug */,
				857507361DB2024E0098187E /* Release */,
			);
			defaultConfigurationIsVisible = 0;
			defaultConfigurationName = Release;
		};
/* End XCConfigurationList section */
	};
	rootObject = 8575071A1DB2024D0098187E /* Project object */;
}
